{
  "name": "holochain_launcher_utils",
  "version": "1.0.0",
  "lockfileVersion": 3,
  "requires": true,
  "packages": {
    "": {
      "name": "holochain_launcher_utils",
      "version": "1.0.0",
      "license": "ISC",
      "dependencies": {
        "@holochain/client": "0.17.0-dev.11",
        "@msgpack/msgpack": "^2.7.1",
        "@tauri-apps/api": "^1.5.4"
      }
    },
    "node_modules/@bitgo/blake2b": {
      "version": "3.2.4",
      "resolved": "https://registry.npmjs.org/@bitgo/blake2b/-/blake2b-3.2.4.tgz",
      "integrity": "sha512-46PEgEVPxecNJ/xczggIllSxIkFIvvbVM0OfIDdNJ5qpFHUeBCkNIiGdzC3fYZlsv7bVTdUZOj79GcFBLMYBqA==",
      "dependencies": {
        "@bitgo/blake2b-wasm": "^3.2.3",
        "nanoassert": "^2.0.0"
      }
    },
    "node_modules/@bitgo/blake2b-wasm": {
      "version": "3.2.3",
      "resolved": "https://registry.npmjs.org/@bitgo/blake2b-wasm/-/blake2b-wasm-3.2.3.tgz",
      "integrity": "sha512-NaurBrMaEpjfg7EdUJgW/c6byt27O6q1ZaxB5Ita10MjjYjUu0SyYF4q7JPNxpHF/lMxb0YZakOxigbDBu9Jjw==",
      "dependencies": {
        "nanoassert": "^1.0.0"
      }
    },
    "node_modules/@bitgo/blake2b-wasm/node_modules/nanoassert": {
      "version": "1.1.0",
      "resolved": "https://registry.npmjs.org/nanoassert/-/nanoassert-1.1.0.tgz",
      "integrity": "sha512-C40jQ3NzfkP53NsO8kEOFd79p4b9kDXQMwgiY1z8ZwrDZgUyom0AHwGegF4Dm99L+YoYhuaB0ceerUcXmqr1rQ=="
    },
    "node_modules/@holochain/client": {
      "version": "0.17.0-dev.11",
      "resolved": "https://registry.npmjs.org/@holochain/client/-/client-0.17.0-dev.11.tgz",
      "integrity": "sha512-8YSW4k6UbA6a1oHxZxspVBRKQufE5GAy+Vm2k6Zl/tEVd7JbvNrjl/uyBKSLu62mJpgvmUf4q4OGihc169yETw==",
      "dependencies": {
        "@bitgo/blake2b": "^3.2.4",
        "@holochain/serialization": "^0.1.0-beta-rc.3",
        "@msgpack/msgpack": "^2.8.0",
        "emittery": "^1.0.1",
        "isomorphic-ws": "^5.0.0",
        "js-base64": "^3.7.5",
        "libsodium-wrappers": "^0.7.13",
        "lodash-es": "^4.17.21",
        "ws": "^8.14.2"
      },
      "engines": {
        "node": ">=18.0.0 || >=20.0.0"
      }
    },
    "node_modules/@holochain/serialization": {
      "version": "0.1.0-beta-rc.3",
      "resolved": "https://registry.npmjs.org/@holochain/serialization/-/serialization-0.1.0-beta-rc.3.tgz",
      "integrity": "sha512-DJx4V2KXHVLciyOGjOYKTM/JLBpBEZ3RsPIRCgf7qmwhQdxXvhi2p+oFFRD51yUT5uC1/MzIVeJCl/R60PwFbw=="
    },
    "node_modules/@msgpack/msgpack": {
      "version": "2.8.0",
      "resolved": "https://registry.npmjs.org/@msgpack/msgpack/-/msgpack-2.8.0.tgz",
      "integrity": "sha512-h9u4u/jiIRKbq25PM+zymTyW6bhTzELvOoUd+AvYriWOAKpLGnIamaET3pnHYoI5iYphAHBI4ayx0MehR+VVPQ==",
      "engines": {
        "node": ">= 10"
      }
    },
    "node_modules/@tauri-apps/api": {
      "version": "1.5.4",
      "resolved": "https://registry.npmjs.org/@tauri-apps/api/-/api-1.5.4.tgz",
      "integrity": "sha512-LKYae9URbdEdbHrOXBeXb/lZgVyWTX0E98rSFBuQlmkLr8OeG+akuE41PfLjBVyk1Q+fq7wxo4ieenLSMUAUhA==",
      "engines": {
        "node": ">= 14.6.0",
        "npm": ">= 6.6.0",
        "yarn": ">= 1.19.1"
      },
      "funding": {
        "type": "opencollective",
        "url": "https://opencollective.com/tauri"
      }
    },
    "node_modules/emittery": {
      "version": "1.0.3",
      "resolved": "https://registry.npmjs.org/emittery/-/emittery-1.0.3.tgz",
      "integrity": "sha512-tJdCJitoy2lrC2ldJcqN4vkqJ00lT+tOWNT1hBJjO/3FDMJa5TTIiYGCKGkn/WfCyOzUMObeohbVTj00fhiLiA==",
      "engines": {
        "node": ">=14.16"
      },
      "funding": {
        "url": "https://github.com/sindresorhus/emittery?sponsor=1"
      }
    },
    "node_modules/isomorphic-ws": {
      "version": "5.0.0",
      "resolved": "https://registry.npmjs.org/isomorphic-ws/-/isomorphic-ws-5.0.0.tgz",
      "integrity": "sha512-muId7Zzn9ywDsyXgTIafTry2sV3nySZeUDe6YedVd1Hvuuep5AsIlqK+XefWpYTyJG5e503F2xIuT2lcU6rCSw==",
      "peerDependencies": {
        "ws": "*"
      }
    },
    "node_modules/js-base64": {
      "version": "3.7.7",
      "resolved": "https://registry.npmjs.org/js-base64/-/js-base64-3.7.7.tgz",
      "integrity": "sha512-7rCnleh0z2CkXhH67J8K1Ytz0b2Y+yxTPL+/KOJoa20hfnVQ/3/T6W/KflYI4bRHRagNeXeU2bkNGI3v1oS/lw=="
    },
    "node_modules/libsodium": {
      "version": "0.7.13",
      "resolved": "https://registry.npmjs.org/libsodium/-/libsodium-0.7.13.tgz",
      "integrity": "sha512-mK8ju0fnrKXXfleL53vtp9xiPq5hKM0zbDQtcxQIsSmxNgSxqCj6R7Hl9PkrNe2j29T4yoDaF7DJLK9/i5iWUw=="
    },
    "node_modules/libsodium-wrappers": {
      "version": "0.7.13",
      "resolved": "https://registry.npmjs.org/libsodium-wrappers/-/libsodium-wrappers-0.7.13.tgz",
      "integrity": "sha512-kasvDsEi/r1fMzKouIDv7B8I6vNmknXwGiYodErGuESoFTohGSKZplFtVxZqHaoQ217AynyIFgnOVRitpHs0Qw==",
      "dependencies": {
        "libsodium": "^0.7.13"
      }
    },
    "node_modules/lodash-es": {
      "version": "4.17.21",
      "resolved": "https://registry.npmjs.org/lodash-es/-/lodash-es-4.17.21.tgz",
      "integrity": "sha512-mKnC+QJ9pWVzv+C4/U3rRsHapFfHvQFoFB92e52xeyGMcX6/OlIl78je1u8vePzYZSkkogMPJ2yjxxsb89cxyw=="
    },
    "node_modules/nanoassert": {
      "version": "2.0.0",
      "resolved": "https://registry.npmjs.org/nanoassert/-/nanoassert-2.0.0.tgz",
      "integrity": "sha512-7vO7n28+aYO4J+8w96AzhmU8G+Y/xpPDJz/se19ICsqj/momRbb9mh9ZUtkoJ5X3nTnPdhEJyc0qnM6yAsHBaA=="
    },
    "node_modules/ws": {
      "version": "8.16.0",
      "resolved": "https://registry.npmjs.org/ws/-/ws-8.16.0.tgz",
      "integrity": "sha512-HS0c//TP7Ina87TfiPUz1rQzMhHrl/SG2guqRcTOIUYD2q8uhUdNHZYJUaQ8aTGPzCh+c6oawMKW35nFl1dxyQ==",
      "engines": {
        "node": ">=10.0.0"
      },
      "peerDependencies": {
        "bufferutil": "^4.0.1",
        "utf-8-validate": ">=5.0.2"
      },
      "peerDependenciesMeta": {
        "bufferutil": {
          "optional": true
        },
        "utf-8-validate": {
          "optional": true
        }
      }
    }
  }
}
